
Microsoft Visual Studio Solution File, Format Version 11.00
# Visual Studio 2010
Project("{FAE04EC0-301F-11D3-BF4B-00C04F79EFBC}") = "ts", "TollesburySurgery\ts.csproj", "{0637035C-2C26-4E89-8098-EA1172BAF6EB}"
EndProject
Project("{FAE04EC0-301F-11D3-BF4B-00C04F79EFBC}") = "TSDomain", "TSDomain\TSDomain.csproj", "{8785514A-6C4C-459E-9011-D054A2DF28EB}"
EndProject
Global
	GlobalSection(SolutionConfigurationPlatforms) = preSolution
		Debug|Any CPU = Debug|Any CPU
		Release|Any CPU = Release|Any CPU
	EndGlobalSection
	GlobalSection(ProjectConfigurationPlatforms) = postSolution
		{0637035C-2C26-4E89-8098-EA1172BAF6EB}.Debug|Any CPU.ActiveCfg = Debug|Any CPU
		{0637035C-2C26-4E89-8098-EA1172BAF6EB}.Debug|Any CPU.Build.0 = Debug|Any CPU
		{0637035C-2C26-4E89-8098-EA1172BAF6EB}.Release|Any CPU.ActiveCfg = Release|Any CPU
		{0637035C-2C26-4E89-8098-EA1172BAF6EB}.Release|Any CPU.Build.0 = Release|Any CPU
		{8785514A-6C4C-459E-9011-D054A2DF28EB}.Debug|Any CPU.ActiveCfg = Debug|Any CPU
		{8785514A-6C4C-459E-9011-D054A2DF28EB}.Debug|Any CPU.Build.0 = Debug|Any CPU
		{8785514A-6C4C-459E-9011-D054A2DF28EB}.Release|Any CPU.ActiveCfg = Release|Any CPU
		{8785514A-6C4C-459E-9011-D054A2DF28EB}.Release|Any CPU.Build.0 = Release|Any CPU
	EndGlobalSection
	GlobalSection(SolutionProperties) = preSolution
		HideSolutionNode = FALSE
	EndGlobalSection
EndGlobal
